// !$*UTF8*$!
{
	archiveVersion = 1;
	classes = {
	};
	objectVersion = 46;
	objects = {

/* Begin PBXBuildFile section */
		ECC903BA1EE6C4880083E9F1 /* AppDelegate.swift in Sources */ = {isa = PBXBuildFile; fileRef = ECC903B91EE6C4880083E9F1 /* AppDelegate.swift */; };
		ECC903BC1EE6C4880083E9F1 /* ViewController.swift in Sources */ = {isa = PBXBuildFile; fileRef = ECC903BB1EE6C4880083E9F1 /* ViewController.swift */; };
		ECC903BF1EE6C4880083E9F1 /* Main.storyboard in Resources */ = {isa = PBXBuildFile; fileRef = ECC903BD1EE6C4880083E9F1 /* Main.storyboard */; };
		ECC903C21EE6C4880083E9F1 /* TestListe.xcdatamodeld in Sources */ = {isa = PBXBuildFile; fileRef = ECC903C01EE6C4880083E9F1 /* TestListe.xcdatamodeld */; };
		ECC903C41EE6C4880083E9F1 /* Assets.xcassets in Resources */ = {isa = PBXBuildFile; fileRef = ECC903C31EE6C4880083E9F1 /* Assets.xcassets */; };
		ECC903C71EE6C4880083E9F1 /* LaunchScreen.storyboard in Resources */ = {isa = PBXBuildFile; fileRef = ECC903C51EE6C4880083E9F1 /* LaunchScreen.storyboard */; };
		ECDC04761EE6E559000FAFF0 /* Cellule.swift in Sources */ = {isa = PBXBuildFile; fileRef = ECDC04751EE6E559000FAFF0 /* Cellule.swift */; };
/* End PBXBuildFile section */

/* Begin PBXFileReference section */
		ECC903B61EE6C4880083E9F1 /* TestListe.app */ = {isa = PBXFileReference; explicitFileType = wrapper.application; includeInIndex = 0; path = TestListe.app; sourceTree = BUILT_PRODUCTS_DIR; };
		ECC903B91EE6C4880083E9F1 /* AppDelegate.swift */ = {isa = PBXFileReference; lastKnownFileType = sourcecode.swift; path = AppDelegate.swift; sourceTree = "<group>"; };
		ECC903BB1EE6C4880083E9F1 /* ViewController.swift */ = {isa = PBXFileReference; lastKnownFileType = sourcecode.swift; path = ViewController.swift; sourceTree = "<group>"; };
		ECC903BE1EE6C4880083E9F1 /* Base */ = {isa = PBXFileReference; lastKnownFileType = file.storyboard; name = Base; path = Base.lproj/Main.storyboard; sourceTree = "<group>"; };
		ECC903C11EE6C4880083E9F1 /* TestListe.xcdatamodel */ = {isa = PBXFileReference; lastKnownFileType = wrapper.xcdatamodel; path = TestListe.xcdatamodel; sourceTree = "<group>"; };
		ECC903C31EE6C4880083E9F1 /* Assets.xcassets */ = {isa = PBXFileReference; lastKnownFileType = folder.assetcatalog; path = Assets.xcassets; sourceTree = "<group>"; };
		ECC903C61EE6C4880083E9F1 /* Base */ = {isa = PBXFileReference; lastKnownFileType = file.storyboard; name = Base; path = Base.lproj/LaunchScreen.storyboard; sourceTree = "<group>"; };
		ECC903C81EE6C4880083E9F1 /* Info.plist */ = {isa = PBXFileReference; lastKnownFileType = text.plist.xml; path = Info.plist; sourceTree = "<group>"; };
		ECDC04751EE6E559000FAFF0 /* Cellule.swift */ = {isa = PBXFileReference; fileEncoding = 4; lastKnownFileType = sourcecode.swift; path = Cellule.swift; sourceTree = "<group>"; };
/* End PBXFileReference section */

/* Begin PBXFrameworksBuildPhase section */
		ECC903B31EE6C4880083E9F1 /* Frameworks */ = {
			isa = PBXFrameworksBuildPhase;
			buildActionMask = 2147483647;
			files = (
			);
			runOnlyForDeploymentPostprocessing = 0;
		};
/* End PBXFrameworksBuildPhase section */

/* Begin PBXGroup section */
		ECC903AD1EE6C4880083E9F1 = {
			isa = PBXGroup;
			children = (
				ECC903B81EE6C4880083E9F1 /* TestListe */,
				ECC903B71EE6C4880083E9F1 /* Products */,
			);
			sourceTree = "<group>";
		};
		ECC903B71EE6C4880083E9F1 /* Products */ = {
			isa = PBXGroup;
			children = (
				ECC903B61EE6C4880083E9F1 /* TestListe.app */,
			);
			name = Products;
			sourceTree = "<group>";
		};
		ECC903B81EE6C4880083E9F1 /* TestListe */ = {
			isa = PBXGroup;
			children = (
				ECC903B91EE6C4880083E9F1 /* AppDelegate.swift */,
				ECC903BB1EE6C4880083E9F1 /* ViewController.swift */,
				ECC903BD1EE6C4880083E9F1 /* Main.storyboard */,
				ECC903C31EE6C4880083E9F1 /* Assets.xcassets */,
				ECC903C51EE6C4880083E9F1 /* LaunchScreen.storyboard */,
				ECC903C81EE6C4880083E9F1 /* Info.plist */,
				ECC903C01EE6C4880083E9F1 /* TestListe.xcdatamodeld */,
				ECDC04751EE6E559000FAFF0 /* Cellule.swift */,
			);
			path = TestListe;
			sourceTree = "<group>";
		};
/* End PBXGroup section */

/* Begin PBXNativeTarget section */
		ECC903B51EE6C4880083E9F1 /* TestListe */ = {
			isa = PBXNativeTarget;
			buildConfigurationList = ECC903CB1EE6C4880083E9F1 /* Build configuration list for PBXNativeTarget "TestListe" */;
			buildPhases = (
				ECC903B21EE6C4880083E9F1 /* Sources */,
				ECC903B31EE6C4880083E9F1 /* Frameworks */,
				ECC903B41EE6C4880083E9F1 /* Resources */,
			);
			buildRules = (
			);
			dependencies = (
			);
			name = TestListe;
			productName = TestListe;
			productReference = ECC903B61EE6C4880083E9F1 /* TestListe.app */;
			productType = "com.apple.product-type.application";
		};
/* End PBXNativeTarget section */

/* Begin PBXProject section */
		ECC903AE1EE6C4880083E9F1 /* Project object */ = {
			isa = PBXProject;
			attributes = {
				LastSwiftUpdateCheck = 0830;
				LastUpgradeCheck = 0830;
				ORGANIZATIONNAME = etudiant;
				TargetAttributes = {
					ECC903B51EE6C4880083E9F1 = {
						CreatedOnToolsVersion = 8.3.2;
						ProvisioningStyle = Automatic;
					};
				};
			};
			buildConfigurationList = ECC903B11EE6C4880083E9F1 /* Build configuration list for PBXProject "TestListe" */;
			compatibilityVersion = "Xcode 3.2";
			developmentRegion = English;
			hasScannedForEncodings = 0;
			knownRegions = (
				en,
				Base,
			);
			mainGroup = ECC903AD1EE6C4880083E9F1;
			productRefGroup = ECC903B71EE6C4880083E9F1 /* Products */;
			projectDirPath = "";
			projectRoot = "";
			targets = (
				ECC903B51EE6C4880083E9F1 /* TestListe */,
			);
		};
/* End PBXProject section */

/* Begin PBXResourcesBuildPhase section */
		ECC903B41EE6C4880083E9F1 /* Resources */ = {
			isa = PBXResourcesBuildPhase;
			buildActionMask = 2147483647;
			files = (
				ECC903C71EE6C4880083E9F1 /* LaunchScreen.storyboard in Resources */,
				ECC903C41EE6C4880083E9F1 /* Assets.xcassets in Resources */,
				ECC903BF1EE6C4880083E9F1 /* Main.storyboard in Resources */,
			);
			runOnlyForDeploymentPostprocessing = 0;
		};
/* End PBXResourcesBuildPhase section */

/* Begin PBXSourcesBuildPhase section */
		ECC903B21EE6C4880083E9F1 /* Sources */ = {
			isa = PBXSourcesBuildPhase;
			buildActionMask = 2147483647;
			files = (
				ECC903BC1EE6C4880083E9F1 /* ViewController.swift in Sources */,
				ECC903C21EE6C4880083E9F1 /* TestListe.xcdatamodeld in Sources */,
				ECDC04761EE6E559000FAFF0 /* Cellule.swift in Sources */,
				ECC903BA1EE6C4880083E9F1 /* AppDelegate.swift in Sources */,
			);
			runOnlyForDeploymentPostprocessing = 0;
		};
/* End PBXSourcesBuildPhase section */

/* Begin PBXVariantGroup section */
		ECC903BD1EE6C4880083E9F1 /* Main.storyboard */ = {
			isa = PBXVariantGroup;
			children = (
				ECC903BE1EE6C4880083E9F1 /* Base */,
			);
			name = Main.storyboard;
			sourceTree = "<group>";
		};
		ECC903C51EE6C4880083E9F1 /* LaunchScreen.storyboard */ = {
			isa = PBXVariantGroup;
			children = (
				ECC903C61EE6C4880083E9F1 /* Base */,
			);
			name = LaunchScreen.storyboard;
			sourceTree = "<group>";
		};
/* End PBXVariantGroup section */

/* Begin XCBuildConfiguration section */
		ECC903C91EE6C4880083E9F1 /* Debug */ = {
			isa = XCBuildConfiguration;
			buildSettings = {
				ALWAYS_SEARCH_USER_PATHS = NO;
				CLANG_ANALYZER_NONNULL = YES;
				CLANG_ANALYZER_NUMBER_OBJECT_CONVERSION = YES_AGGRESSIVE;
				CLANG_CXX_LANGUAGE_STANDARD = "gnu++0x";
				CLANG_CXX_LIBRARY = "libc++";
				CLANG_ENABLE_MODULES = YES;
				CLANG_ENABLE_OBJC_ARC = YES;
				CLANG_WARN_BOOL_CONVERSION = YES;
				CLANG_WARN_CONSTANT_CONVERSION = YES;
				CLANG_WARN_DIRECT_OBJC_ISA_USAGE = YES_ERROR;
				CLANG_WARN_DOCUMENTATION_COMMENTS = YES;
				CLANG_WARN_EMPTY_BODY = YES;
				CLANG_WARN_ENUM_CONVERSION = YES;
				CLANG_WARN_INFINITE_RECURSION = YES;
				CLANG_WARN_INT_CONVERSION = YES;
				CLANG_WARN_OBJC_ROOT_CLASS = YES_ERROR;
				CLANG_WARN_SUSPICIOUS_MOVE = YES;
				CLANG_WARN_UNREACHABLE_CODE = YES;
				CLANG_WARN__DUPLICATE_METHOD_MATCH = YES;
				"CODE_SIGN_IDENTITY[sdk=iphoneos*]" = "iPhone Developer";
				COPY_PHASE_STRIP = NO;
				DEBUG_INFORMATION_FORMAT = dwarf;
				ENABLE_STRICT_OBJC_MSGSEND = YES;
				ENABLE_TESTABILITY = YES;
				GCC_C_LANGUAGE_STANDARD = gnu99;
				GCC_DYNAMIC_NO_PIC = NO;
				GCC_NO_COMMON_BLOCKS = YES;
				GCC_OPTIMIZATION_LEVEL = 0;
				GCC_PREPROCESSOR_DEFINITIONS = (
					"DEBUG=1",
					"$(inherited)",
				);
				GCC_WARN_64_TO_32_BIT_CONVERSION = YES;
				GCC_WARN_ABOUT_RETURN_TYPE = YES_ERROR;
				GCC_WARN_UNDECLARED_SELECTOR = YES;
				GCC_WARN_UNINITIALIZED_AUTOS = YES_AGGRESSIVE;
				GCC_WARN_UNUSED_FUNCTION = YES;
				GCC_WARN_UNUSED_VARIABLE = YES;
				IPHONEOS_DEPLOYMENT_TARGET = 10.3;
				MTL_ENABLE_DEBUG_INFO = YES;
				ONLY_ACTIVE_ARCH = YES;
				SDKROOT = iphoneos;
				SWIFT_ACTIVE_COMPILATION_CONDITIONS = DEBUG;
				SWIFT_OPTIMIZATION_LEVEL = "-Onone";
				TARGETED_DEVICE_FAMILY = "1,2";
			};
			name = Debug;
		};
		ECC903CA1EE6C4880083E9F1 /* Release */ = {
			isa = XCBuildConfiguration;
			buildSettings = {
				ALWAYS_SEARCH_USER_PATHS = NO;
				CLANG_ANALYZER_NONNULL = YES;
				CLANG_ANALYZER_NUMBER_OBJECT_CONVERSION = YES_AGGRESSIVE;
				CLANG_CXX_LANGUAGE_STANDARD = "gnu++0x";
				CLANG_CXX_LIBRARY = "libc++";
				CLANG_ENABLE_MODULES = YES;
				CLANG_ENABLE_OBJC_ARC = YES;
				CLANG_WARN_BOOL_CONVERSION = YES;
				CLANG_WARN_CONSTANT_CONVERSION = YES;
				CLANG_WARN_DIRECT_OBJC_ISA_USAGE = YES_ERROR;
				CLANG_WARN_DOCUMENTATION_COMMENTS = YES;
				CLANG_WARN_EMPTY_BODY = YES;
				CLANG_WARN_ENUM_CONVERSION = YES;
				CLANG_WARN_INFINITE_RECURSION = YES;
				CLANG_WARN_INT_CONVERSION = YES;
				CLANG_WARN_OBJC_ROOT_CLASS = YES_ERROR;
				CLANG_WARN_SUSPICIOUS_MOVE = YES;
				CLANG_WARN_UNREACHABLE_CODE = YES;
				CLANG_WARN__DUPLICATE_METHOD_MATCH = YES;
				"CODE_SIGN_IDENTITY[sdk=iphoneos*]" = "iPhone Developer";
				COPY_PHASE_STRIP = NO;
				DEBUG_INFORMATION_FORMAT = "dwarf-with-dsym";
				ENABLE_NS_ASSERTIONS = NO;
				ENABLE_STRICT_OBJC_MSGSEND = YES;
				GCC_C_LANGUAGE_STANDARD = gnu99;
				GCC_NO_COMMON_BLOCKS = YES;
				GCC_WARN_64_TO_32_BIT_CONVERSION = YES;
				GCC_WARN_ABOUT_RETURN_TYPE = YES_ERROR;
				GCC_WARN_UNDECLARED_SELECTOR = YES;
				GCC_WARN_UNINITIALIZED_AUTOS = YES_AGGRESSIVE;
				GCC_WARN_UNUSED_FUNCTION = YES;
				GCC_WARN_UNUSED_VARIABLE = YES;
				IPHONEOS_DEPLOYMENT_TARGET = 10.3;
				MTL_ENABLE_DEBUG_INFO = NO;
				SDKROOT = iphoneos;
				SWIFT_OPTIMIZATION_LEVEL = "-Owholemodule";
				TARGETED_DEVICE_FAMILY = "1,2";
				VALIDATE_PRODUCT = YES;
			};
			name = Release;
		};
		ECC903CC1EE6C4880083E9F1 /* Debug */ = {
			isa = XCBuildConfiguration;
			buildSettings = {
				ASSETCATALOG_COMPILER_APPICON_NAME = AppIcon;
				INFOPLIST_FILE = TestListe/Info.plist;
				LD_RUNPATH_SEARCH_PATHS = "$(inherited) @executable_path/Frameworks";
				PRODUCT_BUNDLE_IDENTIFIER = be.formation.mupacif.TestListe;
				PRODUCT_NAME = "$(TARGET_NAME)";
				SWIFT_VERSION = 3.0;
			};
			name = Debug;
		};
		ECC903CD1EE6C4880083E9F1 /* Release */ = {
			isa = XCBuildConfiguration;
			buildSettings = {
				ASSETCATALOG_COMPILER_APPICON_NAME = AppIcon;
				INFOPLIST_FILE = TestListe/Info.plist;
				LD_RUNPATH_SEARCH_PATHS = "$(inherited) @executable_path/Frameworks";
				PRODUCT_BUNDLE_IDENTIFIER = be.formation.mupacif.TestListe;
				PRODUCT_NAME = "$(TARGET_NAME)";
				SWIFT_VERSION = 3.0;
			};
			name = Release;
		};
/* End XCBuildConfiguration section */

/* Begin XCConfigurationList section */
		ECC903B11EE6C4880083E9F1 /* Build configuration list for PBXProject "TestListe" */ = {
			isa = XCConfigurationList;
			buildConfigurations = (
				ECC903C91EE6C4880083E9F1 /* Debug */,
				ECC903CA1EE6C4880083E9F1 /* Release */,
			);
			defaultConfigurationIsVisible = 0;
			defaultConfigurationName = Release;
		};
		ECC903CB1EE6C4880083E9F1 /* Build configuration list for PBXNativeTarget "TestListe" */ = {
			isa = XCConfigurationList;
			buildConfigurations = (
				ECC903CC1EE6C4880083E9F1 /* Debug */,
				ECC903CD1EE6C4880083E9F1 /* Release */,
			);
			defaultConfigurationIsVisible = 0;
			defaultConfigurationName = Release;
		};
/* End XCConfigurationList section */

/* Begin XCVersionGroup section */
		ECC903C01EE6C4880083E9F1 /* TestListe.xcdatamodeld */ = {
			isa = XCVersionGroup;
			children = (
				ECC903C11EE6C4880083E9F1 /* TestListe.xcdatamodel */,
			);
			currentVersion = ECC903C11EE6C4880083E9F1 /* TestListe.xcdatamodel */;
			path = TestListe.xcdatamodeld;
			sourceTree = "<group>";
			versionGroupType = wrapper.xcdatamodel;
		};
/* End XCVersionGroup section */
	};
	rootObject = ECC903AE1EE6C4880083E9F1 /* Project object */;
}
