// !$*UTF8*$!
{
	archiveVersion = 1;
	classes = {
	};
	objectVersion = 46;
	objects = {

/* Begin PBXBuildFile section */
		ECF54FAF1E9E737600D81DC7 /* main.m in Sources */ = {isa = PBXBuildFile; fileRef = ECF54FAE1E9E737600D81DC7 /* main.m */; };
		ECF54FB21E9E737600D81DC7 /* AppDelegate.m in Sources */ = {isa = PBXBuildFile; fileRef = ECF54FB11E9E737600D81DC7 /* AppDelegate.m */; };
		ECF54FB51E9E737600D81DC7 /* ViewController.m in Sources */ = {isa = PBXBuildFile; fileRef = ECF54FB41E9E737600D81DC7 /* ViewController.m */; };
		ECF54FB81E9E737600D81DC7 /* Main.storyboard in Resources */ = {isa = PBXBuildFile; fileRef = ECF54FB61E9E737600D81DC7 /* Main.storyboard */; };
		ECF54FBA1E9E737600D81DC7 /* Assets.xcassets in Resources */ = {isa = PBXBuildFile; fileRef = ECF54FB91E9E737600D81DC7 /* Assets.xcassets */; };
		ECF54FBD1E9E737600D81DC7 /* LaunchScreen.storyboard in Resources */ = {isa = PBXBuildFile; fileRef = ECF54FBB1E9E737600D81DC7 /* LaunchScreen.storyboard */; };
		ECF54FC61E9E73D900D81DC7 /* Automobile.m in Sources */ = {isa = PBXBuildFile; fileRef = ECF54FC51E9E73D900D81DC7 /* Automobile.m */; };
/* End PBXBuildFile section */

/* Begin PBXFileReference section */
		ECF54FAA1E9E737600D81DC7 /* 05_GettersEtSetters.app */ = {isa = PBXFileReference; explicitFileType = wrapper.application; includeInIndex = 0; path = 05_GettersEtSetters.app; sourceTree = BUILT_PRODUCTS_DIR; };
		ECF54FAE1E9E737600D81DC7 /* main.m */ = {isa = PBXFileReference; lastKnownFileType = sourcecode.c.objc; path = main.m; sourceTree = "<group>"; };
		ECF54FB01E9E737600D81DC7 /* AppDelegate.h */ = {isa = PBXFileReference; lastKnownFileType = sourcecode.c.h; path = AppDelegate.h; sourceTree = "<group>"; };
		ECF54FB11E9E737600D81DC7 /* AppDelegate.m */ = {isa = PBXFileReference; lastKnownFileType = sourcecode.c.objc; path = AppDelegate.m; sourceTree = "<group>"; };
		ECF54FB31E9E737600D81DC7 /* ViewController.h */ = {isa = PBXFileReference; lastKnownFileType = sourcecode.c.h; path = ViewController.h; sourceTree = "<group>"; };
		ECF54FB41E9E737600D81DC7 /* ViewController.m */ = {isa = PBXFileReference; lastKnownFileType = sourcecode.c.objc; path = ViewController.m; sourceTree = "<group>"; };
		ECF54FB71E9E737600D81DC7 /* Base */ = {isa = PBXFileReference; lastKnownFileType = file.storyboard; name = Base; path = Base.lproj/Main.storyboard; sourceTree = "<group>"; };
		ECF54FB91E9E737600D81DC7 /* Assets.xcassets */ = {isa = PBXFileReference; lastKnownFileType = folder.assetcatalog; path = Assets.xcassets; sourceTree = "<group>"; };
		ECF54FBC1E9E737600D81DC7 /* Base */ = {isa = PBXFileReference; lastKnownFileType = file.storyboard; name = Base; path = Base.lproj/LaunchScreen.storyboard; sourceTree = "<group>"; };
		ECF54FBE1E9E737600D81DC7 /* Info.plist */ = {isa = PBXFileReference; lastKnownFileType = text.plist.xml; path = Info.plist; sourceTree = "<group>"; };
		ECF54FC41E9E73D900D81DC7 /* Automobile.h */ = {isa = PBXFileReference; fileEncoding = 4; lastKnownFileType = sourcecode.c.h; path = Automobile.h; sourceTree = "<group>"; };
		ECF54FC51E9E73D900D81DC7 /* Automobile.m */ = {isa = PBXFileReference; fileEncoding = 4; lastKnownFileType = sourcecode.c.objc; path = Automobile.m; sourceTree = "<group>"; };
/* End PBXFileReference section */

/* Begin PBXFrameworksBuildPhase section */
		ECF54FA71E9E737600D81DC7 /* Frameworks */ = {
			isa = PBXFrameworksBuildPhase;
			buildActionMask = 2147483647;
			files = (
			);
			runOnlyForDeploymentPostprocessing = 0;
		};
/* End PBXFrameworksBuildPhase section */

/* Begin PBXGroup section */
		ECF54FA11E9E737600D81DC7 = {
			isa = PBXGroup;
			children = (
				ECF54FAC1E9E737600D81DC7 /* 05_GettersEtSetters */,
				ECF54FAB1E9E737600D81DC7 /* Products */,
			);
			sourceTree = "<group>";
		};
		ECF54FAB1E9E737600D81DC7 /* Products */ = {
			isa = PBXGroup;
			children = (
				ECF54FAA1E9E737600D81DC7 /* 05_GettersEtSetters.app */,
			);
			name = Products;
			sourceTree = "<group>";
		};
		ECF54FAC1E9E737600D81DC7 /* 05_GettersEtSetters */ = {
			isa = PBXGroup;
			children = (
				ECF54FB01E9E737600D81DC7 /* AppDelegate.h */,
				ECF54FB11E9E737600D81DC7 /* AppDelegate.m */,
				ECF54FB31E9E737600D81DC7 /* ViewController.h */,
				ECF54FB41E9E737600D81DC7 /* ViewController.m */,
				ECF54FB61E9E737600D81DC7 /* Main.storyboard */,
				ECF54FB91E9E737600D81DC7 /* Assets.xcassets */,
				ECF54FBB1E9E737600D81DC7 /* LaunchScreen.storyboard */,
				ECF54FBE1E9E737600D81DC7 /* Info.plist */,
				ECF54FAD1E9E737600D81DC7 /* Supporting Files */,
				ECF54FC41E9E73D900D81DC7 /* Automobile.h */,
				ECF54FC51E9E73D900D81DC7 /* Automobile.m */,
			);
			path = 05_GettersEtSetters;
			sourceTree = "<group>";
		};
		ECF54FAD1E9E737600D81DC7 /* Supporting Files */ = {
			isa = PBXGroup;
			children = (
				ECF54FAE1E9E737600D81DC7 /* main.m */,
			);
			name = "Supporting Files";
			sourceTree = "<group>";
		};
/* End PBXGroup section */

/* Begin PBXNativeTarget section */
		ECF54FA91E9E737600D81DC7 /* 05_GettersEtSetters */ = {
			isa = PBXNativeTarget;
			buildConfigurationList = ECF54FC11E9E737600D81DC7 /* Build configuration list for PBXNativeTarget "05_GettersEtSetters" */;
			buildPhases = (
				ECF54FA61E9E737600D81DC7 /* Sources */,
				ECF54FA71E9E737600D81DC7 /* Frameworks */,
				ECF54FA81E9E737600D81DC7 /* Resources */,
			);
			buildRules = (
			);
			dependencies = (
			);
			name = 05_GettersEtSetters;
			productName = 05_GettersEtSetters;
			productReference = ECF54FAA1E9E737600D81DC7 /* 05_GettersEtSetters.app */;
			productType = "com.apple.product-type.application";
		};
/* End PBXNativeTarget section */

/* Begin PBXProject section */
		ECF54FA21E9E737600D81DC7 /* Project object */ = {
			isa = PBXProject;
			attributes = {
				LastUpgradeCheck = 0830;
				ORGANIZATIONNAME = etudiant;
				TargetAttributes = {
					ECF54FA91E9E737600D81DC7 = {
						CreatedOnToolsVersion = 8.3;
						ProvisioningStyle = Automatic;
					};
				};
			};
			buildConfigurationList = ECF54FA51E9E737600D81DC7 /* Build configuration list for PBXProject "05_GettersEtSetters" */;
			compatibilityVersion = "Xcode 3.2";
			developmentRegion = English;
			hasScannedForEncodings = 0;
			knownRegions = (
				en,
				Base,
			);
			mainGroup = ECF54FA11E9E737600D81DC7;
			productRefGroup = ECF54FAB1E9E737600D81DC7 /* Products */;
			projectDirPath = "";
			projectRoot = "";
			targets = (
				ECF54FA91E9E737600D81DC7 /* 05_GettersEtSetters */,
			);
		};
/* End PBXProject section */

/* Begin PBXResourcesBuildPhase section */
		ECF54FA81E9E737600D81DC7 /* Resources */ = {
			isa = PBXResourcesBuildPhase;
			buildActionMask = 2147483647;
			files = (
				ECF54FBD1E9E737600D81DC7 /* LaunchScreen.storyboard in Resources */,
				ECF54FBA1E9E737600D81DC7 /* Assets.xcassets in Resources */,
				ECF54FB81E9E737600D81DC7 /* Main.storyboard in Resources */,
			);
			runOnlyForDeploymentPostprocessing = 0;
		};
/* End PBXResourcesBuildPhase section */

/* Begin PBXSourcesBuildPhase section */
		ECF54FA61E9E737600D81DC7 /* Sources */ = {
			isa = PBXSourcesBuildPhase;
			buildActionMask = 2147483647;
			files = (
				ECF54FC61E9E73D900D81DC7 /* Automobile.m in Sources */,
				ECF54FB51E9E737600D81DC7 /* ViewController.m in Sources */,
				ECF54FB21E9E737600D81DC7 /* AppDelegate.m in Sources */,
				ECF54FAF1E9E737600D81DC7 /* main.m in Sources */,
			);
			runOnlyForDeploymentPostprocessing = 0;
		};
/* End PBXSourcesBuildPhase section */

/* Begin PBXVariantGroup section */
		ECF54FB61E9E737600D81DC7 /* Main.storyboard */ = {
			isa = PBXVariantGroup;
			children = (
				ECF54FB71E9E737600D81DC7 /* Base */,
			);
			name = Main.storyboard;
			sourceTree = "<group>";
		};
		ECF54FBB1E9E737600D81DC7 /* LaunchScreen.storyboard */ = {
			isa = PBXVariantGroup;
			children = (
				ECF54FBC1E9E737600D81DC7 /* Base */,
			);
			name = LaunchScreen.storyboard;
			sourceTree = "<group>";
		};
/* End PBXVariantGroup section */

/* Begin XCBuildConfiguration section */
		ECF54FBF1E9E737600D81DC7 /* Debug */ = {
			isa = XCBuildConfiguration;
			buildSettings = {
				ALWAYS_SEARCH_USER_PATHS = NO;
				CLANG_ANALYZER_NONNULL = YES;
				CLANG_ANALYZER_NUMBER_OBJECT_CONVERSION = YES_AGGRESSIVE;
				CLANG_CXX_LANGUAGE_STANDARD = "gnu++0x";
				CLANG_CXX_LIBRARY = "libc++";
				CLANG_ENABLE_MODULES = YES;
				CLANG_ENABLE_OBJC_ARC = YES;
				CLANG_WARN_BOOL_CONVERSION = YES;
				CLANG_WARN_CONSTANT_CONVERSION = YES;
				CLANG_WARN_DIRECT_OBJC_ISA_USAGE = YES_ERROR;
				CLANG_WARN_DOCUMENTATION_COMMENTS = YES;
				CLANG_WARN_EMPTY_BODY = YES;
				CLANG_WARN_ENUM_CONVERSION = YES;
				CLANG_WARN_INFINITE_RECURSION = YES;
				CLANG_WARN_INT_CONVERSION = YES;
				CLANG_WARN_OBJC_ROOT_CLASS = YES_ERROR;
				CLANG_WARN_SUSPICIOUS_MOVE = YES;
				CLANG_WARN_UNREACHABLE_CODE = YES;
				CLANG_WARN__DUPLICATE_METHOD_MATCH = YES;
				"CODE_SIGN_IDENTITY[sdk=iphoneos*]" = "iPhone Developer";
				COPY_PHASE_STRIP = NO;
				DEBUG_INFORMATION_FORMAT = dwarf;
				ENABLE_STRICT_OBJC_MSGSEND = YES;
				ENABLE_TESTABILITY = YES;
				GCC_C_LANGUAGE_STANDARD = gnu99;
				GCC_DYNAMIC_NO_PIC = NO;
				GCC_NO_COMMON_BLOCKS = YES;
				GCC_OPTIMIZATION_LEVEL = 0;
				GCC_PREPROCESSOR_DEFINITIONS = (
					"DEBUG=1",
					"$(inherited)",
				);
				GCC_WARN_64_TO_32_BIT_CONVERSION = YES;
				GCC_WARN_ABOUT_RETURN_TYPE = YES_ERROR;
				GCC_WARN_UNDECLARED_SELECTOR = YES;
				GCC_WARN_UNINITIALIZED_AUTOS = YES_AGGRESSIVE;
				GCC_WARN_UNUSED_FUNCTION = YES;
				GCC_WARN_UNUSED_VARIABLE = YES;
				IPHONEOS_DEPLOYMENT_TARGET = 10.3;
				MTL_ENABLE_DEBUG_INFO = YES;
				ONLY_ACTIVE_ARCH = YES;
				SDKROOT = iphoneos;
				TARGETED_DEVICE_FAMILY = "1,2";
			};
			name = Debug;
		};
		ECF54FC01E9E737600D81DC7 /* Release */ = {
			isa = XCBuildConfiguration;
			buildSettings = {
				ALWAYS_SEARCH_USER_PATHS = NO;
				CLANG_ANALYZER_NONNULL = YES;
				CLANG_ANALYZER_NUMBER_OBJECT_CONVERSION = YES_AGGRESSIVE;
				CLANG_CXX_LANGUAGE_STANDARD = "gnu++0x";
				CLANG_CXX_LIBRARY = "libc++";
				CLANG_ENABLE_MODULES = YES;
				CLANG_ENABLE_OBJC_ARC = YES;
				CLANG_WARN_BOOL_CONVERSION = YES;
				CLANG_WARN_CONSTANT_CONVERSION = YES;
				CLANG_WARN_DIRECT_OBJC_ISA_USAGE = YES_ERROR;
				CLANG_WARN_DOCUMENTATION_COMMENTS = YES;
				CLANG_WARN_EMPTY_BODY = YES;
				CLANG_WARN_ENUM_CONVERSION = YES;
				CLANG_WARN_INFINITE_RECURSION = YES;
				CLANG_WARN_INT_CONVERSION = YES;
				CLANG_WARN_OBJC_ROOT_CLASS = YES_ERROR;
				CLANG_WARN_SUSPICIOUS_MOVE = YES;
				CLANG_WARN_UNREACHABLE_CODE = YES;
				CLANG_WARN__DUPLICATE_METHOD_MATCH = YES;
				"CODE_SIGN_IDENTITY[sdk=iphoneos*]" = "iPhone Developer";
				COPY_PHASE_STRIP = NO;
				DEBUG_INFORMATION_FORMAT = "dwarf-with-dsym";
				ENABLE_NS_ASSERTIONS = NO;
				ENABLE_STRICT_OBJC_MSGSEND = YES;
				GCC_C_LANGUAGE_STANDARD = gnu99;
				GCC_NO_COMMON_BLOCKS = YES;
				GCC_WARN_64_TO_32_BIT_CONVERSION = YES;
				GCC_WARN_ABOUT_RETURN_TYPE = YES_ERROR;
				GCC_WARN_UNDECLARED_SELECTOR = YES;
				GCC_WARN_UNINITIALIZED_AUTOS = YES_AGGRESSIVE;
				GCC_WARN_UNUSED_FUNCTION = YES;
				GCC_WARN_UNUSED_VARIABLE = YES;
				IPHONEOS_DEPLOYMENT_TARGET = 10.3;
				MTL_ENABLE_DEBUG_INFO = NO;
				SDKROOT = iphoneos;
				TARGETED_DEVICE_FAMILY = "1,2";
				VALIDATE_PRODUCT = YES;
			};
			name = Release;
		};
		ECF54FC21E9E737600D81DC7 /* Debug */ = {
			isa = XCBuildConfiguration;
			buildSettings = {
				ASSETCATALOG_COMPILER_APPICON_NAME = AppIcon;
				INFOPLIST_FILE = 05_GettersEtSetters/Info.plist;
				LD_RUNPATH_SEARCH_PATHS = "$(inherited) @executable_path/Frameworks";
				PRODUCT_BUNDLE_IDENTIFIER = "com.student.-5-GettersEtSetters";
				PRODUCT_NAME = "$(TARGET_NAME)";
			};
			name = Debug;
		};
		ECF54FC31E9E737600D81DC7 /* Release */ = {
			isa = XCBuildConfiguration;
			buildSettings = {
				ASSETCATALOG_COMPILER_APPICON_NAME = AppIcon;
				INFOPLIST_FILE = 05_GettersEtSetters/Info.plist;
				LD_RUNPATH_SEARCH_PATHS = "$(inherited) @executable_path/Frameworks";
				PRODUCT_BUNDLE_IDENTIFIER = "com.student.-5-GettersEtSetters";
				PRODUCT_NAME = "$(TARGET_NAME)";
			};
			name = Release;
		};
/* End XCBuildConfiguration section */

/* Begin XCConfigurationList section */
		ECF54FA51E9E737600D81DC7 /* Build configuration list for PBXProject "05_GettersEtSetters" */ = {
			isa = XCConfigurationList;
			buildConfigurations = (
				ECF54FBF1E9E737600D81DC7 /* Debug */,
				ECF54FC01E9E737600D81DC7 /* Release */,
			);
			defaultConfigurationIsVisible = 0;
			defaultConfigurationName = Release;
		};
		ECF54FC11E9E737600D81DC7 /* Build configuration list for PBXNativeTarget "05_GettersEtSetters" */ = {
			isa = XCConfigurationList;
			buildConfigurations = (
				ECF54FC21E9E737600D81DC7 /* Debug */,
				ECF54FC31E9E737600D81DC7 /* Release */,
			);
			defaultConfigurationIsVisible = 0;
		};
/* End XCConfigurationList section */
	};
	rootObject = ECF54FA21E9E737600D81DC7 /* Project object */;
}
