// !$*UTF8*$!
{
	archiveVersion = 1;
	classes = {
	};
	objectVersion = 46;
	objects = {

/* Begin PBXBuildFile section */
		EC9EF0EA1EB0CFB500557EC0 /* Util.m in Sources */ = {isa = PBXBuildFile; fileRef = EC9EF0E91EB0CFB500557EC0 /* Util.m */; };
		ECFBA4881EB0B1070074C95F /* main.m in Sources */ = {isa = PBXBuildFile; fileRef = ECFBA4871EB0B1070074C95F /* main.m */; };
		ECFBA48B1EB0B1070074C95F /* AppDelegate.m in Sources */ = {isa = PBXBuildFile; fileRef = ECFBA48A1EB0B1070074C95F /* AppDelegate.m */; };
		ECFBA48E1EB0B1070074C95F /* ViewController.m in Sources */ = {isa = PBXBuildFile; fileRef = ECFBA48D1EB0B1070074C95F /* ViewController.m */; };
		ECFBA4911EB0B1080074C95F /* Main.storyboard in Resources */ = {isa = PBXBuildFile; fileRef = ECFBA48F1EB0B1070074C95F /* Main.storyboard */; };
		ECFBA4931EB0B1080074C95F /* Assets.xcassets in Resources */ = {isa = PBXBuildFile; fileRef = ECFBA4921EB0B1080074C95F /* Assets.xcassets */; };
		ECFBA4961EB0B1080074C95F /* LaunchScreen.storyboard in Resources */ = {isa = PBXBuildFile; fileRef = ECFBA4941EB0B1080074C95F /* LaunchScreen.storyboard */; };
/* End PBXBuildFile section */

/* Begin PBXFileReference section */
		EC9EF0E81EB0CFB500557EC0 /* Util.h */ = {isa = PBXFileReference; fileEncoding = 4; lastKnownFileType = sourcecode.c.h; path = Util.h; sourceTree = "<group>"; };
		EC9EF0E91EB0CFB500557EC0 /* Util.m */ = {isa = PBXFileReference; fileEncoding = 4; lastKnownFileType = sourcecode.c.objc; path = Util.m; sourceTree = "<group>"; };
		ECFBA4831EB0B1070074C95F /* 14_EchangesAvecServeurHTTP.app */ = {isa = PBXFileReference; explicitFileType = wrapper.application; includeInIndex = 0; path = 14_EchangesAvecServeurHTTP.app; sourceTree = BUILT_PRODUCTS_DIR; };
		ECFBA4871EB0B1070074C95F /* main.m */ = {isa = PBXFileReference; lastKnownFileType = sourcecode.c.objc; path = main.m; sourceTree = "<group>"; };
		ECFBA4891EB0B1070074C95F /* AppDelegate.h */ = {isa = PBXFileReference; lastKnownFileType = sourcecode.c.h; path = AppDelegate.h; sourceTree = "<group>"; };
		ECFBA48A1EB0B1070074C95F /* AppDelegate.m */ = {isa = PBXFileReference; lastKnownFileType = sourcecode.c.objc; path = AppDelegate.m; sourceTree = "<group>"; };
		ECFBA48C1EB0B1070074C95F /* ViewController.h */ = {isa = PBXFileReference; lastKnownFileType = sourcecode.c.h; path = ViewController.h; sourceTree = "<group>"; };
		ECFBA48D1EB0B1070074C95F /* ViewController.m */ = {isa = PBXFileReference; lastKnownFileType = sourcecode.c.objc; path = ViewController.m; sourceTree = "<group>"; };
		ECFBA4901EB0B1080074C95F /* Base */ = {isa = PBXFileReference; lastKnownFileType = file.storyboard; name = Base; path = Base.lproj/Main.storyboard; sourceTree = "<group>"; };
		ECFBA4921EB0B1080074C95F /* Assets.xcassets */ = {isa = PBXFileReference; lastKnownFileType = folder.assetcatalog; path = Assets.xcassets; sourceTree = "<group>"; };
		ECFBA4951EB0B1080074C95F /* Base */ = {isa = PBXFileReference; lastKnownFileType = file.storyboard; name = Base; path = Base.lproj/LaunchScreen.storyboard; sourceTree = "<group>"; };
		ECFBA4971EB0B1080074C95F /* Info.plist */ = {isa = PBXFileReference; lastKnownFileType = text.plist.xml; path = Info.plist; sourceTree = "<group>"; };
/* End PBXFileReference section */

/* Begin PBXFrameworksBuildPhase section */
		ECFBA4801EB0B1070074C95F /* Frameworks */ = {
			isa = PBXFrameworksBuildPhase;
			buildActionMask = 2147483647;
			files = (
			);
			runOnlyForDeploymentPostprocessing = 0;
		};
/* End PBXFrameworksBuildPhase section */

/* Begin PBXGroup section */
		ECFBA47A1EB0B1070074C95F = {
			isa = PBXGroup;
			children = (
				ECFBA4851EB0B1070074C95F /* 14_EchangesAvecServeurHTTP */,
				ECFBA4841EB0B1070074C95F /* Products */,
			);
			sourceTree = "<group>";
		};
		ECFBA4841EB0B1070074C95F /* Products */ = {
			isa = PBXGroup;
			children = (
				ECFBA4831EB0B1070074C95F /* 14_EchangesAvecServeurHTTP.app */,
			);
			name = Products;
			sourceTree = "<group>";
		};
		ECFBA4851EB0B1070074C95F /* 14_EchangesAvecServeurHTTP */ = {
			isa = PBXGroup;
			children = (
				ECFBA4891EB0B1070074C95F /* AppDelegate.h */,
				ECFBA48A1EB0B1070074C95F /* AppDelegate.m */,
				ECFBA48C1EB0B1070074C95F /* ViewController.h */,
				ECFBA48D1EB0B1070074C95F /* ViewController.m */,
				ECFBA48F1EB0B1070074C95F /* Main.storyboard */,
				ECFBA4921EB0B1080074C95F /* Assets.xcassets */,
				ECFBA4941EB0B1080074C95F /* LaunchScreen.storyboard */,
				ECFBA4971EB0B1080074C95F /* Info.plist */,
				ECFBA4861EB0B1070074C95F /* Supporting Files */,
				EC9EF0E81EB0CFB500557EC0 /* Util.h */,
				EC9EF0E91EB0CFB500557EC0 /* Util.m */,
			);
			path = 14_EchangesAvecServeurHTTP;
			sourceTree = "<group>";
		};
		ECFBA4861EB0B1070074C95F /* Supporting Files */ = {
			isa = PBXGroup;
			children = (
				ECFBA4871EB0B1070074C95F /* main.m */,
			);
			name = "Supporting Files";
			sourceTree = "<group>";
		};
/* End PBXGroup section */

/* Begin PBXNativeTarget section */
		ECFBA4821EB0B1070074C95F /* 14_EchangesAvecServeurHTTP */ = {
			isa = PBXNativeTarget;
			buildConfigurationList = ECFBA49A1EB0B1080074C95F /* Build configuration list for PBXNativeTarget "14_EchangesAvecServeurHTTP" */;
			buildPhases = (
				ECFBA47F1EB0B1070074C95F /* Sources */,
				ECFBA4801EB0B1070074C95F /* Frameworks */,
				ECFBA4811EB0B1070074C95F /* Resources */,
			);
			buildRules = (
			);
			dependencies = (
			);
			name = 14_EchangesAvecServeurHTTP;
			productName = 14_EchangesAvecServeurHTTP;
			productReference = ECFBA4831EB0B1070074C95F /* 14_EchangesAvecServeurHTTP.app */;
			productType = "com.apple.product-type.application";
		};
/* End PBXNativeTarget section */

/* Begin PBXProject section */
		ECFBA47B1EB0B1070074C95F /* Project object */ = {
			isa = PBXProject;
			attributes = {
				LastUpgradeCheck = 0830;
				ORGANIZATIONNAME = "-";
				TargetAttributes = {
					ECFBA4821EB0B1070074C95F = {
						CreatedOnToolsVersion = 8.3;
						ProvisioningStyle = Automatic;
					};
				};
			};
			buildConfigurationList = ECFBA47E1EB0B1070074C95F /* Build configuration list for PBXProject "14_EchangesAvecServeurHTTP" */;
			compatibilityVersion = "Xcode 3.2";
			developmentRegion = English;
			hasScannedForEncodings = 0;
			knownRegions = (
				en,
				Base,
			);
			mainGroup = ECFBA47A1EB0B1070074C95F;
			productRefGroup = ECFBA4841EB0B1070074C95F /* Products */;
			projectDirPath = "";
			projectRoot = "";
			targets = (
				ECFBA4821EB0B1070074C95F /* 14_EchangesAvecServeurHTTP */,
			);
		};
/* End PBXProject section */

/* Begin PBXResourcesBuildPhase section */
		ECFBA4811EB0B1070074C95F /* Resources */ = {
			isa = PBXResourcesBuildPhase;
			buildActionMask = 2147483647;
			files = (
				ECFBA4961EB0B1080074C95F /* LaunchScreen.storyboard in Resources */,
				ECFBA4931EB0B1080074C95F /* Assets.xcassets in Resources */,
				ECFBA4911EB0B1080074C95F /* Main.storyboard in Resources */,
			);
			runOnlyForDeploymentPostprocessing = 0;
		};
/* End PBXResourcesBuildPhase section */

/* Begin PBXSourcesBuildPhase section */
		ECFBA47F1EB0B1070074C95F /* Sources */ = {
			isa = PBXSourcesBuildPhase;
			buildActionMask = 2147483647;
			files = (
				ECFBA48E1EB0B1070074C95F /* ViewController.m in Sources */,
				ECFBA48B1EB0B1070074C95F /* AppDelegate.m in Sources */,
				ECFBA4881EB0B1070074C95F /* main.m in Sources */,
				EC9EF0EA1EB0CFB500557EC0 /* Util.m in Sources */,
			);
			runOnlyForDeploymentPostprocessing = 0;
		};
/* End PBXSourcesBuildPhase section */

/* Begin PBXVariantGroup section */
		ECFBA48F1EB0B1070074C95F /* Main.storyboard */ = {
			isa = PBXVariantGroup;
			children = (
				ECFBA4901EB0B1080074C95F /* Base */,
			);
			name = Main.storyboard;
			sourceTree = "<group>";
		};
		ECFBA4941EB0B1080074C95F /* LaunchScreen.storyboard */ = {
			isa = PBXVariantGroup;
			children = (
				ECFBA4951EB0B1080074C95F /* Base */,
			);
			name = LaunchScreen.storyboard;
			sourceTree = "<group>";
		};
/* End PBXVariantGroup section */

/* Begin XCBuildConfiguration section */
		ECFBA4981EB0B1080074C95F /* Debug */ = {
			isa = XCBuildConfiguration;
			buildSettings = {
				ALWAYS_SEARCH_USER_PATHS = NO;
				CLANG_ANALYZER_NONNULL = YES;
				CLANG_ANALYZER_NUMBER_OBJECT_CONVERSION = YES_AGGRESSIVE;
				CLANG_CXX_LANGUAGE_STANDARD = "gnu++0x";
				CLANG_CXX_LIBRARY = "libc++";
				CLANG_ENABLE_MODULES = YES;
				CLANG_ENABLE_OBJC_ARC = YES;
				CLANG_WARN_BOOL_CONVERSION = YES;
				CLANG_WARN_CONSTANT_CONVERSION = YES;
				CLANG_WARN_DIRECT_OBJC_ISA_USAGE = YES_ERROR;
				CLANG_WARN_DOCUMENTATION_COMMENTS = YES;
				CLANG_WARN_EMPTY_BODY = YES;
				CLANG_WARN_ENUM_CONVERSION = YES;
				CLANG_WARN_INFINITE_RECURSION = YES;
				CLANG_WARN_INT_CONVERSION = YES;
				CLANG_WARN_OBJC_ROOT_CLASS = YES_ERROR;
				CLANG_WARN_SUSPICIOUS_MOVE = YES;
				CLANG_WARN_UNREACHABLE_CODE = YES;
				CLANG_WARN__DUPLICATE_METHOD_MATCH = YES;
				"CODE_SIGN_IDENTITY[sdk=iphoneos*]" = "iPhone Developer";
				COPY_PHASE_STRIP = NO;
				DEBUG_INFORMATION_FORMAT = dwarf;
				ENABLE_STRICT_OBJC_MSGSEND = YES;
				ENABLE_TESTABILITY = YES;
				GCC_C_LANGUAGE_STANDARD = gnu99;
				GCC_DYNAMIC_NO_PIC = NO;
				GCC_NO_COMMON_BLOCKS = YES;
				GCC_OPTIMIZATION_LEVEL = 0;
				GCC_PREPROCESSOR_DEFINITIONS = (
					"DEBUG=1",
					"$(inherited)",
				);
				GCC_WARN_64_TO_32_BIT_CONVERSION = YES;
				GCC_WARN_ABOUT_RETURN_TYPE = YES_ERROR;
				GCC_WARN_UNDECLARED_SELECTOR = YES;
				GCC_WARN_UNINITIALIZED_AUTOS = YES_AGGRESSIVE;
				GCC_WARN_UNUSED_FUNCTION = YES;
				GCC_WARN_UNUSED_VARIABLE = YES;
				IPHONEOS_DEPLOYMENT_TARGET = 10.3;
				MTL_ENABLE_DEBUG_INFO = YES;
				ONLY_ACTIVE_ARCH = YES;
				SDKROOT = iphoneos;
				TARGETED_DEVICE_FAMILY = "1,2";
			};
			name = Debug;
		};
		ECFBA4991EB0B1080074C95F /* Release */ = {
			isa = XCBuildConfiguration;
			buildSettings = {
				ALWAYS_SEARCH_USER_PATHS = NO;
				CLANG_ANALYZER_NONNULL = YES;
				CLANG_ANALYZER_NUMBER_OBJECT_CONVERSION = YES_AGGRESSIVE;
				CLANG_CXX_LANGUAGE_STANDARD = "gnu++0x";
				CLANG_CXX_LIBRARY = "libc++";
				CLANG_ENABLE_MODULES = YES;
				CLANG_ENABLE_OBJC_ARC = YES;
				CLANG_WARN_BOOL_CONVERSION = YES;
				CLANG_WARN_CONSTANT_CONVERSION = YES;
				CLANG_WARN_DIRECT_OBJC_ISA_USAGE = YES_ERROR;
				CLANG_WARN_DOCUMENTATION_COMMENTS = YES;
				CLANG_WARN_EMPTY_BODY = YES;
				CLANG_WARN_ENUM_CONVERSION = YES;
				CLANG_WARN_INFINITE_RECURSION = YES;
				CLANG_WARN_INT_CONVERSION = YES;
				CLANG_WARN_OBJC_ROOT_CLASS = YES_ERROR;
				CLANG_WARN_SUSPICIOUS_MOVE = YES;
				CLANG_WARN_UNREACHABLE_CODE = YES;
				CLANG_WARN__DUPLICATE_METHOD_MATCH = YES;
				"CODE_SIGN_IDENTITY[sdk=iphoneos*]" = "iPhone Developer";
				COPY_PHASE_STRIP = NO;
				DEBUG_INFORMATION_FORMAT = "dwarf-with-dsym";
				ENABLE_NS_ASSERTIONS = NO;
				ENABLE_STRICT_OBJC_MSGSEND = YES;
				GCC_C_LANGUAGE_STANDARD = gnu99;
				GCC_NO_COMMON_BLOCKS = YES;
				GCC_WARN_64_TO_32_BIT_CONVERSION = YES;
				GCC_WARN_ABOUT_RETURN_TYPE = YES_ERROR;
				GCC_WARN_UNDECLARED_SELECTOR = YES;
				GCC_WARN_UNINITIALIZED_AUTOS = YES_AGGRESSIVE;
				GCC_WARN_UNUSED_FUNCTION = YES;
				GCC_WARN_UNUSED_VARIABLE = YES;
				IPHONEOS_DEPLOYMENT_TARGET = 10.3;
				MTL_ENABLE_DEBUG_INFO = NO;
				SDKROOT = iphoneos;
				TARGETED_DEVICE_FAMILY = "1,2";
				VALIDATE_PRODUCT = YES;
			};
			name = Release;
		};
		ECFBA49B1EB0B1080074C95F /* Debug */ = {
			isa = XCBuildConfiguration;
			buildSettings = {
				ASSETCATALOG_COMPILER_APPICON_NAME = AppIcon;
				INFOPLIST_FILE = 14_EchangesAvecServeurHTTP/Info.plist;
				LD_RUNPATH_SEARCH_PATHS = "$(inherited) @executable_path/Frameworks";
				PRODUCT_BUNDLE_IDENTIFIER = "com.student.-4-EchangesAvecServeurHTTP";
				PRODUCT_NAME = "$(TARGET_NAME)";
			};
			name = Debug;
		};
		ECFBA49C1EB0B1080074C95F /* Release */ = {
			isa = XCBuildConfiguration;
			buildSettings = {
				ASSETCATALOG_COMPILER_APPICON_NAME = AppIcon;
				INFOPLIST_FILE = 14_EchangesAvecServeurHTTP/Info.plist;
				LD_RUNPATH_SEARCH_PATHS = "$(inherited) @executable_path/Frameworks";
				PRODUCT_BUNDLE_IDENTIFIER = "com.student.-4-EchangesAvecServeurHTTP";
				PRODUCT_NAME = "$(TARGET_NAME)";
			};
			name = Release;
		};
/* End XCBuildConfiguration section */

/* Begin XCConfigurationList section */
		ECFBA47E1EB0B1070074C95F /* Build configuration list for PBXProject "14_EchangesAvecServeurHTTP" */ = {
			isa = XCConfigurationList;
			buildConfigurations = (
				ECFBA4981EB0B1080074C95F /* Debug */,
				ECFBA4991EB0B1080074C95F /* Release */,
			);
			defaultConfigurationIsVisible = 0;
			defaultConfigurationName = Release;
		};
		ECFBA49A1EB0B1080074C95F /* Build configuration list for PBXNativeTarget "14_EchangesAvecServeurHTTP" */ = {
			isa = XCConfigurationList;
			buildConfigurations = (
				ECFBA49B1EB0B1080074C95F /* Debug */,
				ECFBA49C1EB0B1080074C95F /* Release */,
			);
			defaultConfigurationIsVisible = 0;
			defaultConfigurationName = Release;
		};
/* End XCConfigurationList section */
	};
	rootObject = ECFBA47B1EB0B1070074C95F /* Project object */;
}
