// !$*UTF8*$!
{
	archiveVersion = 1;
	classes = {
	};
	objectVersion = 46;
	objects = {

/* Begin PBXBuildFile section */
		EC02E4891EC4761B003CC870 /* AppDelegate.swift in Sources */ = {isa = PBXBuildFile; fileRef = EC02E4881EC4761B003CC870 /* AppDelegate.swift */; };
		EC02E48B1EC4761B003CC870 /* ViewController.swift in Sources */ = {isa = PBXBuildFile; fileRef = EC02E48A1EC4761B003CC870 /* ViewController.swift */; };
		EC02E48E1EC4761B003CC870 /* Main.storyboard in Resources */ = {isa = PBXBuildFile; fileRef = EC02E48C1EC4761B003CC870 /* Main.storyboard */; };
		EC02E4901EC4761B003CC870 /* Assets.xcassets in Resources */ = {isa = PBXBuildFile; fileRef = EC02E48F1EC4761B003CC870 /* Assets.xcassets */; };
		EC02E4931EC4761B003CC870 /* LaunchScreen.storyboard in Resources */ = {isa = PBXBuildFile; fileRef = EC02E4911EC4761B003CC870 /* LaunchScreen.storyboard */; };
		EC02E49B1EC4799F003CC870 /* Ecran2ViewController.swift in Sources */ = {isa = PBXBuildFile; fileRef = EC02E49A1EC4799F003CC870 /* Ecran2ViewController.swift */; };
		EC02E49D1EC47AC5003CC870 /* DestinationSansSegueViewController.swift in Sources */ = {isa = PBXBuildFile; fileRef = EC02E49C1EC47AC5003CC870 /* DestinationSansSegueViewController.swift */; };
/* End PBXBuildFile section */

/* Begin PBXFileReference section */
		EC02E4851EC4761B003CC870 /* 04_passageDunEcranAUnAutre.app */ = {isa = PBXFileReference; explicitFileType = wrapper.application; includeInIndex = 0; path = 04_passageDunEcranAUnAutre.app; sourceTree = BUILT_PRODUCTS_DIR; };
		EC02E4881EC4761B003CC870 /* AppDelegate.swift */ = {isa = PBXFileReference; lastKnownFileType = sourcecode.swift; path = AppDelegate.swift; sourceTree = "<group>"; };
		EC02E48A1EC4761B003CC870 /* ViewController.swift */ = {isa = PBXFileReference; lastKnownFileType = sourcecode.swift; path = ViewController.swift; sourceTree = "<group>"; };
		EC02E48D1EC4761B003CC870 /* Base */ = {isa = PBXFileReference; lastKnownFileType = file.storyboard; name = Base; path = Base.lproj/Main.storyboard; sourceTree = "<group>"; };
		EC02E48F1EC4761B003CC870 /* Assets.xcassets */ = {isa = PBXFileReference; lastKnownFileType = folder.assetcatalog; path = Assets.xcassets; sourceTree = "<group>"; };
		EC02E4921EC4761B003CC870 /* Base */ = {isa = PBXFileReference; lastKnownFileType = file.storyboard; name = Base; path = Base.lproj/LaunchScreen.storyboard; sourceTree = "<group>"; };
		EC02E4941EC4761B003CC870 /* Info.plist */ = {isa = PBXFileReference; lastKnownFileType = text.plist.xml; path = Info.plist; sourceTree = "<group>"; };
		EC02E49A1EC4799F003CC870 /* Ecran2ViewController.swift */ = {isa = PBXFileReference; fileEncoding = 4; lastKnownFileType = sourcecode.swift; path = Ecran2ViewController.swift; sourceTree = "<group>"; };
		EC02E49C1EC47AC5003CC870 /* DestinationSansSegueViewController.swift */ = {isa = PBXFileReference; fileEncoding = 4; lastKnownFileType = sourcecode.swift; path = DestinationSansSegueViewController.swift; sourceTree = "<group>"; };
/* End PBXFileReference section */

/* Begin PBXFrameworksBuildPhase section */
		EC02E4821EC4761B003CC870 /* Frameworks */ = {
			isa = PBXFrameworksBuildPhase;
			buildActionMask = 2147483647;
			files = (
			);
			runOnlyForDeploymentPostprocessing = 0;
		};
/* End PBXFrameworksBuildPhase section */

/* Begin PBXGroup section */
		EC02E47C1EC4761B003CC870 = {
			isa = PBXGroup;
			children = (
				EC02E49C1EC47AC5003CC870 /* DestinationSansSegueViewController.swift */,
				EC02E4871EC4761B003CC870 /* 04_passageDunEcranAUnAutre */,
				EC02E4861EC4761B003CC870 /* Products */,
			);
			sourceTree = "<group>";
		};
		EC02E4861EC4761B003CC870 /* Products */ = {
			isa = PBXGroup;
			children = (
				EC02E4851EC4761B003CC870 /* 04_passageDunEcranAUnAutre.app */,
			);
			name = Products;
			sourceTree = "<group>";
		};
		EC02E4871EC4761B003CC870 /* 04_passageDunEcranAUnAutre */ = {
			isa = PBXGroup;
			children = (
				EC02E4881EC4761B003CC870 /* AppDelegate.swift */,
				EC02E48A1EC4761B003CC870 /* ViewController.swift */,
				EC02E48C1EC4761B003CC870 /* Main.storyboard */,
				EC02E48F1EC4761B003CC870 /* Assets.xcassets */,
				EC02E4911EC4761B003CC870 /* LaunchScreen.storyboard */,
				EC02E4941EC4761B003CC870 /* Info.plist */,
				EC02E49A1EC4799F003CC870 /* Ecran2ViewController.swift */,
			);
			path = 04_passageDunEcranAUnAutre;
			sourceTree = "<group>";
		};
/* End PBXGroup section */

/* Begin PBXNativeTarget section */
		EC02E4841EC4761B003CC870 /* 04_passageDunEcranAUnAutre */ = {
			isa = PBXNativeTarget;
			buildConfigurationList = EC02E4971EC4761B003CC870 /* Build configuration list for PBXNativeTarget "04_passageDunEcranAUnAutre" */;
			buildPhases = (
				EC02E4811EC4761B003CC870 /* Sources */,
				EC02E4821EC4761B003CC870 /* Frameworks */,
				EC02E4831EC4761B003CC870 /* Resources */,
			);
			buildRules = (
			);
			dependencies = (
			);
			name = 04_passageDunEcranAUnAutre;
			productName = 04_passageDunEcranAUnAutre;
			productReference = EC02E4851EC4761B003CC870 /* 04_passageDunEcranAUnAutre.app */;
			productType = "com.apple.product-type.application";
		};
/* End PBXNativeTarget section */

/* Begin PBXProject section */
		EC02E47D1EC4761B003CC870 /* Project object */ = {
			isa = PBXProject;
			attributes = {
				LastSwiftUpdateCheck = 0830;
				LastUpgradeCheck = 0830;
				ORGANIZATIONNAME = etudiant;
				TargetAttributes = {
					EC02E4841EC4761B003CC870 = {
						CreatedOnToolsVersion = 8.3.2;
						ProvisioningStyle = Automatic;
					};
				};
			};
			buildConfigurationList = EC02E4801EC4761B003CC870 /* Build configuration list for PBXProject "04_passageDunEcranAUnAutre" */;
			compatibilityVersion = "Xcode 3.2";
			developmentRegion = English;
			hasScannedForEncodings = 0;
			knownRegions = (
				en,
				Base,
			);
			mainGroup = EC02E47C1EC4761B003CC870;
			productRefGroup = EC02E4861EC4761B003CC870 /* Products */;
			projectDirPath = "";
			projectRoot = "";
			targets = (
				EC02E4841EC4761B003CC870 /* 04_passageDunEcranAUnAutre */,
			);
		};
/* End PBXProject section */

/* Begin PBXResourcesBuildPhase section */
		EC02E4831EC4761B003CC870 /* Resources */ = {
			isa = PBXResourcesBuildPhase;
			buildActionMask = 2147483647;
			files = (
				EC02E4931EC4761B003CC870 /* LaunchScreen.storyboard in Resources */,
				EC02E4901EC4761B003CC870 /* Assets.xcassets in Resources */,
				EC02E48E1EC4761B003CC870 /* Main.storyboard in Resources */,
			);
			runOnlyForDeploymentPostprocessing = 0;
		};
/* End PBXResourcesBuildPhase section */

/* Begin PBXSourcesBuildPhase section */
		EC02E4811EC4761B003CC870 /* Sources */ = {
			isa = PBXSourcesBuildPhase;
			buildActionMask = 2147483647;
			files = (
				EC02E49B1EC4799F003CC870 /* Ecran2ViewController.swift in Sources */,
				EC02E48B1EC4761B003CC870 /* ViewController.swift in Sources */,
				EC02E49D1EC47AC5003CC870 /* DestinationSansSegueViewController.swift in Sources */,
				EC02E4891EC4761B003CC870 /* AppDelegate.swift in Sources */,
			);
			runOnlyForDeploymentPostprocessing = 0;
		};
/* End PBXSourcesBuildPhase section */

/* Begin PBXVariantGroup section */
		EC02E48C1EC4761B003CC870 /* Main.storyboard */ = {
			isa = PBXVariantGroup;
			children = (
				EC02E48D1EC4761B003CC870 /* Base */,
			);
			name = Main.storyboard;
			sourceTree = "<group>";
		};
		EC02E4911EC4761B003CC870 /* LaunchScreen.storyboard */ = {
			isa = PBXVariantGroup;
			children = (
				EC02E4921EC4761B003CC870 /* Base */,
			);
			name = LaunchScreen.storyboard;
			sourceTree = "<group>";
		};
/* End PBXVariantGroup section */

/* Begin XCBuildConfiguration section */
		EC02E4951EC4761B003CC870 /* Debug */ = {
			isa = XCBuildConfiguration;
			buildSettings = {
				ALWAYS_SEARCH_USER_PATHS = NO;
				CLANG_ANALYZER_NONNULL = YES;
				CLANG_ANALYZER_NUMBER_OBJECT_CONVERSION = YES_AGGRESSIVE;
				CLANG_CXX_LANGUAGE_STANDARD = "gnu++0x";
				CLANG_CXX_LIBRARY = "libc++";
				CLANG_ENABLE_MODULES = YES;
				CLANG_ENABLE_OBJC_ARC = YES;
				CLANG_WARN_BOOL_CONVERSION = YES;
				CLANG_WARN_CONSTANT_CONVERSION = YES;
				CLANG_WARN_DIRECT_OBJC_ISA_USAGE = YES_ERROR;
				CLANG_WARN_DOCUMENTATION_COMMENTS = YES;
				CLANG_WARN_EMPTY_BODY = YES;
				CLANG_WARN_ENUM_CONVERSION = YES;
				CLANG_WARN_INFINITE_RECURSION = YES;
				CLANG_WARN_INT_CONVERSION = YES;
				CLANG_WARN_OBJC_ROOT_CLASS = YES_ERROR;
				CLANG_WARN_SUSPICIOUS_MOVE = YES;
				CLANG_WARN_UNREACHABLE_CODE = YES;
				CLANG_WARN__DUPLICATE_METHOD_MATCH = YES;
				"CODE_SIGN_IDENTITY[sdk=iphoneos*]" = "iPhone Developer";
				COPY_PHASE_STRIP = NO;
				DEBUG_INFORMATION_FORMAT = dwarf;
				ENABLE_STRICT_OBJC_MSGSEND = YES;
				ENABLE_TESTABILITY = YES;
				GCC_C_LANGUAGE_STANDARD = gnu99;
				GCC_DYNAMIC_NO_PIC = NO;
				GCC_NO_COMMON_BLOCKS = YES;
				GCC_OPTIMIZATION_LEVEL = 0;
				GCC_PREPROCESSOR_DEFINITIONS = (
					"DEBUG=1",
					"$(inherited)",
				);
				GCC_WARN_64_TO_32_BIT_CONVERSION = YES;
				GCC_WARN_ABOUT_RETURN_TYPE = YES_ERROR;
				GCC_WARN_UNDECLARED_SELECTOR = YES;
				GCC_WARN_UNINITIALIZED_AUTOS = YES_AGGRESSIVE;
				GCC_WARN_UNUSED_FUNCTION = YES;
				GCC_WARN_UNUSED_VARIABLE = YES;
				IPHONEOS_DEPLOYMENT_TARGET = 10.3;
				MTL_ENABLE_DEBUG_INFO = YES;
				ONLY_ACTIVE_ARCH = YES;
				SDKROOT = iphoneos;
				SWIFT_ACTIVE_COMPILATION_CONDITIONS = DEBUG;
				SWIFT_OPTIMIZATION_LEVEL = "-Onone";
				TARGETED_DEVICE_FAMILY = "1,2";
			};
			name = Debug;
		};
		EC02E4961EC4761B003CC870 /* Release */ = {
			isa = XCBuildConfiguration;
			buildSettings = {
				ALWAYS_SEARCH_USER_PATHS = NO;
				CLANG_ANALYZER_NONNULL = YES;
				CLANG_ANALYZER_NUMBER_OBJECT_CONVERSION = YES_AGGRESSIVE;
				CLANG_CXX_LANGUAGE_STANDARD = "gnu++0x";
				CLANG_CXX_LIBRARY = "libc++";
				CLANG_ENABLE_MODULES = YES;
				CLANG_ENABLE_OBJC_ARC = YES;
				CLANG_WARN_BOOL_CONVERSION = YES;
				CLANG_WARN_CONSTANT_CONVERSION = YES;
				CLANG_WARN_DIRECT_OBJC_ISA_USAGE = YES_ERROR;
				CLANG_WARN_DOCUMENTATION_COMMENTS = YES;
				CLANG_WARN_EMPTY_BODY = YES;
				CLANG_WARN_ENUM_CONVERSION = YES;
				CLANG_WARN_INFINITE_RECURSION = YES;
				CLANG_WARN_INT_CONVERSION = YES;
				CLANG_WARN_OBJC_ROOT_CLASS = YES_ERROR;
				CLANG_WARN_SUSPICIOUS_MOVE = YES;
				CLANG_WARN_UNREACHABLE_CODE = YES;
				CLANG_WARN__DUPLICATE_METHOD_MATCH = YES;
				"CODE_SIGN_IDENTITY[sdk=iphoneos*]" = "iPhone Developer";
				COPY_PHASE_STRIP = NO;
				DEBUG_INFORMATION_FORMAT = "dwarf-with-dsym";
				ENABLE_NS_ASSERTIONS = NO;
				ENABLE_STRICT_OBJC_MSGSEND = YES;
				GCC_C_LANGUAGE_STANDARD = gnu99;
				GCC_NO_COMMON_BLOCKS = YES;
				GCC_WARN_64_TO_32_BIT_CONVERSION = YES;
				GCC_WARN_ABOUT_RETURN_TYPE = YES_ERROR;
				GCC_WARN_UNDECLARED_SELECTOR = YES;
				GCC_WARN_UNINITIALIZED_AUTOS = YES_AGGRESSIVE;
				GCC_WARN_UNUSED_FUNCTION = YES;
				GCC_WARN_UNUSED_VARIABLE = YES;
				IPHONEOS_DEPLOYMENT_TARGET = 10.3;
				MTL_ENABLE_DEBUG_INFO = NO;
				SDKROOT = iphoneos;
				SWIFT_OPTIMIZATION_LEVEL = "-Owholemodule";
				TARGETED_DEVICE_FAMILY = "1,2";
				VALIDATE_PRODUCT = YES;
			};
			name = Release;
		};
		EC02E4981EC4761B003CC870 /* Debug */ = {
			isa = XCBuildConfiguration;
			buildSettings = {
				ASSETCATALOG_COMPILER_APPICON_NAME = AppIcon;
				INFOPLIST_FILE = 04_passageDunEcranAUnAutre/Info.plist;
				LD_RUNPATH_SEARCH_PATHS = "$(inherited) @executable_path/Frameworks";
				PRODUCT_BUNDLE_IDENTIFIER = "com.student.-4-passageDunEcranAUnAutre";
				PRODUCT_NAME = "$(TARGET_NAME)";
				SWIFT_VERSION = 3.0;
			};
			name = Debug;
		};
		EC02E4991EC4761B003CC870 /* Release */ = {
			isa = XCBuildConfiguration;
			buildSettings = {
				ASSETCATALOG_COMPILER_APPICON_NAME = AppIcon;
				INFOPLIST_FILE = 04_passageDunEcranAUnAutre/Info.plist;
				LD_RUNPATH_SEARCH_PATHS = "$(inherited) @executable_path/Frameworks";
				PRODUCT_BUNDLE_IDENTIFIER = "com.student.-4-passageDunEcranAUnAutre";
				PRODUCT_NAME = "$(TARGET_NAME)";
				SWIFT_VERSION = 3.0;
			};
			name = Release;
		};
/* End XCBuildConfiguration section */

/* Begin XCConfigurationList section */
		EC02E4801EC4761B003CC870 /* Build configuration list for PBXProject "04_passageDunEcranAUnAutre" */ = {
			isa = XCConfigurationList;
			buildConfigurations = (
				EC02E4951EC4761B003CC870 /* Debug */,
				EC02E4961EC4761B003CC870 /* Release */,
			);
			defaultConfigurationIsVisible = 0;
			defaultConfigurationName = Release;
		};
		EC02E4971EC4761B003CC870 /* Build configuration list for PBXNativeTarget "04_passageDunEcranAUnAutre" */ = {
			isa = XCConfigurationList;
			buildConfigurations = (
				EC02E4981EC4761B003CC870 /* Debug */,
				EC02E4991EC4761B003CC870 /* Release */,
			);
			defaultConfigurationIsVisible = 0;
		};
/* End XCConfigurationList section */
	};
	rootObject = EC02E47D1EC4761B003CC870 /* Project object */;
}
