// !$*UTF8*$!
{
	archiveVersion = 1;
	classes = {
	};
	objectVersion = 46;
	objects = {

/* Begin PBXBuildFile section */
		ECEA3F101E9FAA870086428D /* main.m in Sources */ = {isa = PBXBuildFile; fileRef = ECEA3F0F1E9FAA870086428D /* main.m */; };
		ECEA3F131E9FAA870086428D /* AppDelegate.m in Sources */ = {isa = PBXBuildFile; fileRef = ECEA3F121E9FAA870086428D /* AppDelegate.m */; };
		ECEA3F161E9FAA870086428D /* ViewController.m in Sources */ = {isa = PBXBuildFile; fileRef = ECEA3F151E9FAA870086428D /* ViewController.m */; };
		ECEA3F191E9FAA870086428D /* Main.storyboard in Resources */ = {isa = PBXBuildFile; fileRef = ECEA3F171E9FAA870086428D /* Main.storyboard */; };
		ECEA3F1B1E9FAA870086428D /* Assets.xcassets in Resources */ = {isa = PBXBuildFile; fileRef = ECEA3F1A1E9FAA870086428D /* Assets.xcassets */; };
		ECEA3F1E1E9FAA870086428D /* LaunchScreen.storyboard in Resources */ = {isa = PBXBuildFile; fileRef = ECEA3F1C1E9FAA870086428D /* LaunchScreen.storyboard */; };
/* End PBXBuildFile section */

/* Begin PBXFileReference section */
		ECEA3F0B1E9FAA870086428D /* 08_methodes.app */ = {isa = PBXFileReference; explicitFileType = wrapper.application; includeInIndex = 0; path = 08_methodes.app; sourceTree = BUILT_PRODUCTS_DIR; };
		ECEA3F0F1E9FAA870086428D /* main.m */ = {isa = PBXFileReference; lastKnownFileType = sourcecode.c.objc; path = main.m; sourceTree = "<group>"; };
		ECEA3F111E9FAA870086428D /* AppDelegate.h */ = {isa = PBXFileReference; lastKnownFileType = sourcecode.c.h; path = AppDelegate.h; sourceTree = "<group>"; };
		ECEA3F121E9FAA870086428D /* AppDelegate.m */ = {isa = PBXFileReference; lastKnownFileType = sourcecode.c.objc; path = AppDelegate.m; sourceTree = "<group>"; };
		ECEA3F141E9FAA870086428D /* ViewController.h */ = {isa = PBXFileReference; lastKnownFileType = sourcecode.c.h; path = ViewController.h; sourceTree = "<group>"; };
		ECEA3F151E9FAA870086428D /* ViewController.m */ = {isa = PBXFileReference; lastKnownFileType = sourcecode.c.objc; path = ViewController.m; sourceTree = "<group>"; };
		ECEA3F181E9FAA870086428D /* Base */ = {isa = PBXFileReference; lastKnownFileType = file.storyboard; name = Base; path = Base.lproj/Main.storyboard; sourceTree = "<group>"; };
		ECEA3F1A1E9FAA870086428D /* Assets.xcassets */ = {isa = PBXFileReference; lastKnownFileType = folder.assetcatalog; path = Assets.xcassets; sourceTree = "<group>"; };
		ECEA3F1D1E9FAA870086428D /* Base */ = {isa = PBXFileReference; lastKnownFileType = file.storyboard; name = Base; path = Base.lproj/LaunchScreen.storyboard; sourceTree = "<group>"; };
		ECEA3F1F1E9FAA870086428D /* Info.plist */ = {isa = PBXFileReference; lastKnownFileType = text.plist.xml; path = Info.plist; sourceTree = "<group>"; };
/* End PBXFileReference section */

/* Begin PBXFrameworksBuildPhase section */
		ECEA3F081E9FAA870086428D /* Frameworks */ = {
			isa = PBXFrameworksBuildPhase;
			buildActionMask = 2147483647;
			files = (
			);
			runOnlyForDeploymentPostprocessing = 0;
		};
/* End PBXFrameworksBuildPhase section */

/* Begin PBXGroup section */
		ECEA3F021E9FAA870086428D = {
			isa = PBXGroup;
			children = (
				ECEA3F0D1E9FAA870086428D /* 08_methodes */,
				ECEA3F0C1E9FAA870086428D /* Products */,
			);
			sourceTree = "<group>";
		};
		ECEA3F0C1E9FAA870086428D /* Products */ = {
			isa = PBXGroup;
			children = (
				ECEA3F0B1E9FAA870086428D /* 08_methodes.app */,
			);
			name = Products;
			sourceTree = "<group>";
		};
		ECEA3F0D1E9FAA870086428D /* 08_methodes */ = {
			isa = PBXGroup;
			children = (
				ECEA3F111E9FAA870086428D /* AppDelegate.h */,
				ECEA3F121E9FAA870086428D /* AppDelegate.m */,
				ECEA3F141E9FAA870086428D /* ViewController.h */,
				ECEA3F151E9FAA870086428D /* ViewController.m */,
				ECEA3F171E9FAA870086428D /* Main.storyboard */,
				ECEA3F1A1E9FAA870086428D /* Assets.xcassets */,
				ECEA3F1C1E9FAA870086428D /* LaunchScreen.storyboard */,
				ECEA3F1F1E9FAA870086428D /* Info.plist */,
				ECEA3F0E1E9FAA870086428D /* Supporting Files */,
			);
			path = 08_methodes;
			sourceTree = "<group>";
		};
		ECEA3F0E1E9FAA870086428D /* Supporting Files */ = {
			isa = PBXGroup;
			children = (
				ECEA3F0F1E9FAA870086428D /* main.m */,
			);
			name = "Supporting Files";
			sourceTree = "<group>";
		};
/* End PBXGroup section */

/* Begin PBXNativeTarget section */
		ECEA3F0A1E9FAA870086428D /* 08_methodes */ = {
			isa = PBXNativeTarget;
			buildConfigurationList = ECEA3F221E9FAA870086428D /* Build configuration list for PBXNativeTarget "08_methodes" */;
			buildPhases = (
				ECEA3F071E9FAA870086428D /* Sources */,
				ECEA3F081E9FAA870086428D /* Frameworks */,
				ECEA3F091E9FAA870086428D /* Resources */,
			);
			buildRules = (
			);
			dependencies = (
			);
			name = 08_methodes;
			productName = 08_methodes;
			productReference = ECEA3F0B1E9FAA870086428D /* 08_methodes.app */;
			productType = "com.apple.product-type.application";
		};
/* End PBXNativeTarget section */

/* Begin PBXProject section */
		ECEA3F031E9FAA870086428D /* Project object */ = {
			isa = PBXProject;
			attributes = {
				LastUpgradeCheck = 0830;
				ORGANIZATIONNAME = etudiant;
				TargetAttributes = {
					ECEA3F0A1E9FAA870086428D = {
						CreatedOnToolsVersion = 8.3;
						ProvisioningStyle = Automatic;
					};
				};
			};
			buildConfigurationList = ECEA3F061E9FAA870086428D /* Build configuration list for PBXProject "08_methodes" */;
			compatibilityVersion = "Xcode 3.2";
			developmentRegion = English;
			hasScannedForEncodings = 0;
			knownRegions = (
				en,
				Base,
			);
			mainGroup = ECEA3F021E9FAA870086428D;
			productRefGroup = ECEA3F0C1E9FAA870086428D /* Products */;
			projectDirPath = "";
			projectRoot = "";
			targets = (
				ECEA3F0A1E9FAA870086428D /* 08_methodes */,
			);
		};
/* End PBXProject section */

/* Begin PBXResourcesBuildPhase section */
		ECEA3F091E9FAA870086428D /* Resources */ = {
			isa = PBXResourcesBuildPhase;
			buildActionMask = 2147483647;
			files = (
				ECEA3F1E1E9FAA870086428D /* LaunchScreen.storyboard in Resources */,
				ECEA3F1B1E9FAA870086428D /* Assets.xcassets in Resources */,
				ECEA3F191E9FAA870086428D /* Main.storyboard in Resources */,
			);
			runOnlyForDeploymentPostprocessing = 0;
		};
/* End PBXResourcesBuildPhase section */

/* Begin PBXSourcesBuildPhase section */
		ECEA3F071E9FAA870086428D /* Sources */ = {
			isa = PBXSourcesBuildPhase;
			buildActionMask = 2147483647;
			files = (
				ECEA3F161E9FAA870086428D /* ViewController.m in Sources */,
				ECEA3F131E9FAA870086428D /* AppDelegate.m in Sources */,
				ECEA3F101E9FAA870086428D /* main.m in Sources */,
			);
			runOnlyForDeploymentPostprocessing = 0;
		};
/* End PBXSourcesBuildPhase section */

/* Begin PBXVariantGroup section */
		ECEA3F171E9FAA870086428D /* Main.storyboard */ = {
			isa = PBXVariantGroup;
			children = (
				ECEA3F181E9FAA870086428D /* Base */,
			);
			name = Main.storyboard;
			sourceTree = "<group>";
		};
		ECEA3F1C1E9FAA870086428D /* LaunchScreen.storyboard */ = {
			isa = PBXVariantGroup;
			children = (
				ECEA3F1D1E9FAA870086428D /* Base */,
			);
			name = LaunchScreen.storyboard;
			sourceTree = "<group>";
		};
/* End PBXVariantGroup section */

/* Begin XCBuildConfiguration section */
		ECEA3F201E9FAA870086428D /* Debug */ = {
			isa = XCBuildConfiguration;
			buildSettings = {
				ALWAYS_SEARCH_USER_PATHS = NO;
				CLANG_ANALYZER_NONNULL = YES;
				CLANG_ANALYZER_NUMBER_OBJECT_CONVERSION = YES_AGGRESSIVE;
				CLANG_CXX_LANGUAGE_STANDARD = "gnu++0x";
				CLANG_CXX_LIBRARY = "libc++";
				CLANG_ENABLE_MODULES = YES;
				CLANG_ENABLE_OBJC_ARC = YES;
				CLANG_WARN_BOOL_CONVERSION = YES;
				CLANG_WARN_CONSTANT_CONVERSION = YES;
				CLANG_WARN_DIRECT_OBJC_ISA_USAGE = YES_ERROR;
				CLANG_WARN_DOCUMENTATION_COMMENTS = YES;
				CLANG_WARN_EMPTY_BODY = YES;
				CLANG_WARN_ENUM_CONVERSION = YES;
				CLANG_WARN_INFINITE_RECURSION = YES;
				CLANG_WARN_INT_CONVERSION = YES;
				CLANG_WARN_OBJC_ROOT_CLASS = YES_ERROR;
				CLANG_WARN_SUSPICIOUS_MOVE = YES;
				CLANG_WARN_UNREACHABLE_CODE = YES;
				CLANG_WARN__DUPLICATE_METHOD_MATCH = YES;
				"CODE_SIGN_IDENTITY[sdk=iphoneos*]" = "iPhone Developer";
				COPY_PHASE_STRIP = NO;
				DEBUG_INFORMATION_FORMAT = dwarf;
				ENABLE_STRICT_OBJC_MSGSEND = YES;
				ENABLE_TESTABILITY = YES;
				GCC_C_LANGUAGE_STANDARD = gnu99;
				GCC_DYNAMIC_NO_PIC = NO;
				GCC_NO_COMMON_BLOCKS = YES;
				GCC_OPTIMIZATION_LEVEL = 0;
				GCC_PREPROCESSOR_DEFINITIONS = (
					"DEBUG=1",
					"$(inherited)",
				);
				GCC_WARN_64_TO_32_BIT_CONVERSION = YES;
				GCC_WARN_ABOUT_RETURN_TYPE = YES_ERROR;
				GCC_WARN_UNDECLARED_SELECTOR = YES;
				GCC_WARN_UNINITIALIZED_AUTOS = YES_AGGRESSIVE;
				GCC_WARN_UNUSED_FUNCTION = YES;
				GCC_WARN_UNUSED_VARIABLE = YES;
				IPHONEOS_DEPLOYMENT_TARGET = 10.3;
				MTL_ENABLE_DEBUG_INFO = YES;
				ONLY_ACTIVE_ARCH = YES;
				SDKROOT = iphoneos;
				TARGETED_DEVICE_FAMILY = "1,2";
			};
			name = Debug;
		};
		ECEA3F211E9FAA870086428D /* Release */ = {
			isa = XCBuildConfiguration;
			buildSettings = {
				ALWAYS_SEARCH_USER_PATHS = NO;
				CLANG_ANALYZER_NONNULL = YES;
				CLANG_ANALYZER_NUMBER_OBJECT_CONVERSION = YES_AGGRESSIVE;
				CLANG_CXX_LANGUAGE_STANDARD = "gnu++0x";
				CLANG_CXX_LIBRARY = "libc++";
				CLANG_ENABLE_MODULES = YES;
				CLANG_ENABLE_OBJC_ARC = YES;
				CLANG_WARN_BOOL_CONVERSION = YES;
				CLANG_WARN_CONSTANT_CONVERSION = YES;
				CLANG_WARN_DIRECT_OBJC_ISA_USAGE = YES_ERROR;
				CLANG_WARN_DOCUMENTATION_COMMENTS = YES;
				CLANG_WARN_EMPTY_BODY = YES;
				CLANG_WARN_ENUM_CONVERSION = YES;
				CLANG_WARN_INFINITE_RECURSION = YES;
				CLANG_WARN_INT_CONVERSION = YES;
				CLANG_WARN_OBJC_ROOT_CLASS = YES_ERROR;
				CLANG_WARN_SUSPICIOUS_MOVE = YES;
				CLANG_WARN_UNREACHABLE_CODE = YES;
				CLANG_WARN__DUPLICATE_METHOD_MATCH = YES;
				"CODE_SIGN_IDENTITY[sdk=iphoneos*]" = "iPhone Developer";
				COPY_PHASE_STRIP = NO;
				DEBUG_INFORMATION_FORMAT = "dwarf-with-dsym";
				ENABLE_NS_ASSERTIONS = NO;
				ENABLE_STRICT_OBJC_MSGSEND = YES;
				GCC_C_LANGUAGE_STANDARD = gnu99;
				GCC_NO_COMMON_BLOCKS = YES;
				GCC_WARN_64_TO_32_BIT_CONVERSION = YES;
				GCC_WARN_ABOUT_RETURN_TYPE = YES_ERROR;
				GCC_WARN_UNDECLARED_SELECTOR = YES;
				GCC_WARN_UNINITIALIZED_AUTOS = YES_AGGRESSIVE;
				GCC_WARN_UNUSED_FUNCTION = YES;
				GCC_WARN_UNUSED_VARIABLE = YES;
				IPHONEOS_DEPLOYMENT_TARGET = 10.3;
				MTL_ENABLE_DEBUG_INFO = NO;
				SDKROOT = iphoneos;
				TARGETED_DEVICE_FAMILY = "1,2";
				VALIDATE_PRODUCT = YES;
			};
			name = Release;
		};
		ECEA3F231E9FAA870086428D /* Debug */ = {
			isa = XCBuildConfiguration;
			buildSettings = {
				ASSETCATALOG_COMPILER_APPICON_NAME = AppIcon;
				INFOPLIST_FILE = 08_methodes/Info.plist;
				LD_RUNPATH_SEARCH_PATHS = "$(inherited) @executable_path/Frameworks";
				PRODUCT_BUNDLE_IDENTIFIER = "com.student.-8-methodes";
				PRODUCT_NAME = "$(TARGET_NAME)";
			};
			name = Debug;
		};
		ECEA3F241E9FAA870086428D /* Release */ = {
			isa = XCBuildConfiguration;
			buildSettings = {
				ASSETCATALOG_COMPILER_APPICON_NAME = AppIcon;
				INFOPLIST_FILE = 08_methodes/Info.plist;
				LD_RUNPATH_SEARCH_PATHS = "$(inherited) @executable_path/Frameworks";
				PRODUCT_BUNDLE_IDENTIFIER = "com.student.-8-methodes";
				PRODUCT_NAME = "$(TARGET_NAME)";
			};
			name = Release;
		};
/* End XCBuildConfiguration section */

/* Begin XCConfigurationList section */
		ECEA3F061E9FAA870086428D /* Build configuration list for PBXProject "08_methodes" */ = {
			isa = XCConfigurationList;
			buildConfigurations = (
				ECEA3F201E9FAA870086428D /* Debug */,
				ECEA3F211E9FAA870086428D /* Release */,
			);
			defaultConfigurationIsVisible = 0;
			defaultConfigurationName = Release;
		};
		ECEA3F221E9FAA870086428D /* Build configuration list for PBXNativeTarget "08_methodes" */ = {
			isa = XCConfigurationList;
			buildConfigurations = (
				ECEA3F231E9FAA870086428D /* Debug */,
				ECEA3F241E9FAA870086428D /* Release */,
			);
			defaultConfigurationIsVisible = 0;
			defaultConfigurationName = Release;
		};
/* End XCConfigurationList section */
	};
	rootObject = ECEA3F031E9FAA870086428D /* Project object */;
}
